
Microsoft Visual Studio Solution File, Format Version 12.00
# Visual Studio Version 17
VisualStudioVersion = 17.5.002.0
MinimumVisualStudioVersion = 10.0.40219.1
Project("{9A19103F-16F7-4668-BE54-9A1E7A4F7556}") = "WB.TestTemplate", "WB.TestTemplate.csproj", "{46624FC2-2E86-4E1E-A629-B6F796A2C9A3}"
EndProject
Project("{2150E333-8FDC-42A3-9474-1A3956D46DE8}") = "test", "test", "{F75322A4-A697-4F93-B77F-403F6E8F073B}"
EndProject
Project("{9A19103F-16F7-4668-BE54-9A1E7A4F7556}") = "SmartConsoleLogSinkTests", "test\src\SmartConsoleLogSinkTests.csproj", "{08559503-8776-44A2-BBF0-C9222D9C78CA}"
EndProject
Project("{2150E333-8FDC-42A3-9474-1A3956D46DE8}") = "templates", "templates", "{3A8A27F4-15BA-4E11-A242-EBB8F229C0CE}"
EndProject
Project("{2150E333-8FDC-42A3-9474-1A3956D46DE8}") = "WB.Test", "WB.Test", "{23DDCE20-8681-4CD7-98E8-CCD27392BBBA}"
EndProject
Project("{9A19103F-16F7-4668-BE54-9A1E7A4F7556}") = "SmartConsoleLogSinkTests", "templates\WB.Test\src\SmartConsoleLogSinkTests.csproj", "{27B44F3C-E79E-41DF-ABA2-7D5CC456820E}"
EndProject
Global
	GlobalSection(SolutionConfigurationPlatforms) = preSolution
		Debug|Any CPU = Debug|Any CPU
		Release|Any CPU = Release|Any CPU
	EndGlobalSection
	GlobalSection(ProjectConfigurationPlatforms) = postSolution
		{46624FC2-2E86-4E1E-A629-B6F796A2C9A3}.Debug|Any CPU.ActiveCfg = Debug|Any CPU
		{46624FC2-2E86-4E1E-A629-B6F796A2C9A3}.Debug|Any CPU.Build.0 = Debug|Any CPU
		{46624FC2-2E86-4E1E-A629-B6F796A2C9A3}.Release|Any CPU.ActiveCfg = Release|Any CPU
		{46624FC2-2E86-4E1E-A629-B6F796A2C9A3}.Release|Any CPU.Build.0 = Release|Any CPU
		{08559503-8776-44A2-BBF0-C9222D9C78CA}.Debug|Any CPU.ActiveCfg = Debug|Any CPU
		{08559503-8776-44A2-BBF0-C9222D9C78CA}.Debug|Any CPU.Build.0 = Debug|Any CPU
		{08559503-8776-44A2-BBF0-C9222D9C78CA}.Release|Any CPU.ActiveCfg = Release|Any CPU
		{08559503-8776-44A2-BBF0-C9222D9C78CA}.Release|Any CPU.Build.0 = Release|Any CPU
		{27B44F3C-E79E-41DF-ABA2-7D5CC456820E}.Debug|Any CPU.ActiveCfg = Debug|Any CPU
		{27B44F3C-E79E-41DF-ABA2-7D5CC456820E}.Debug|Any CPU.Build.0 = Debug|Any CPU
		{27B44F3C-E79E-41DF-ABA2-7D5CC456820E}.Release|Any CPU.ActiveCfg = Release|Any CPU
		{27B44F3C-E79E-41DF-ABA2-7D5CC456820E}.Release|Any CPU.Build.0 = Release|Any CPU
	EndGlobalSection
	GlobalSection(SolutionProperties) = preSolution
		HideSolutionNode = FALSE
	EndGlobalSection
	GlobalSection(NestedProjects) = preSolution
		{08559503-8776-44A2-BBF0-C9222D9C78CA} = {F75322A4-A697-4F93-B77F-403F6E8F073B}
		{23DDCE20-8681-4CD7-98E8-CCD27392BBBA} = {3A8A27F4-15BA-4E11-A242-EBB8F229C0CE}
		{27B44F3C-E79E-41DF-ABA2-7D5CC456820E} = {23DDCE20-8681-4CD7-98E8-CCD27392BBBA}
	EndGlobalSection
	GlobalSection(ExtensibilityGlobals) = postSolution
		SolutionGuid = {A66D0FC9-BE0A-45EC-9C5C-341CE5612FCE}
	EndGlobalSection
EndGlobal
